
Microsoft Visual Studio Solution File, Format Version 12.00
# Visual Studio Version 16
VisualStudioVersion = 16.0.29123.88
MinimumVisualStudioVersion = 10.0.40219.1
Project("{9A19103F-16F7-4668-BE54-9A1E7A4F7556}") = "Modas", "Modas.csproj", "{F8D5E1FA-391C-4527-A834-7A7EF8784243}"
EndProject
Global
	GlobalSection(SolutionConfigurationPlatforms) = preSolution
		Debug|Any CPU = Debug|Any CPU
		Release|Any CPU = Release|Any CPU
	EndGlobalSection
	GlobalSection(ProjectConfigurationPlatforms) = postSolution
		{F8D5E1FA-391C-4527-A834-7A7EF8784243}.Debug|Any CPU.ActiveCfg = Debug|Any CPU
		{F8D5E1FA-391C-4527-A834-7A7EF8784243}.Debug|Any CPU.Build.0 = Debug|Any CPU
		{F8D5E1FA-391C-4527-A834-7A7EF8784243}.Release|Any CPU.ActiveCfg = Release|Any CPU
		{F8D5E1FA-391C-4527-A834-7A7EF8784243}.Release|Any CPU.Build.0 = Release|Any CPU
	EndGlobalSection
	GlobalSection(SolutionProperties) = preSolution
		HideSolutionNode = FALSE
	EndGlobalSection
	GlobalSection(ExtensibilityGlobals) = postSolution
		SolutionGuid = {C7162346-7EC8-4F15-9577-EDBA7DB17EAD}
	EndGlobalSection
EndGlobal
